{
  "version": 1,
  "dependencies": {
    "net10.0": {
      "BouncyCastle.Cryptography": {
        "type": "Direct",
        "requested": "[2.7.0, )",
        "resolved": "2.7.0",
        "contentHash": "U+12df8UEWHgBi04YVf/Lgi2dy3SItlIYvHjjEVa/BngCQIzDCDRBk50DDByCfDvSbe5pRNFr3b7UrVK2kMcLw=="
      },
      "PKHeX.Core": {
        "type": "Direct",
        "requested": "[26.8.26, )",
        "resolved": "26.8.26",
        "contentHash": "4xdfdIb4lSHnxn9lkLdGvXUubsWmSYZjynSe2XQVHYzHR1H/yoRgeoLHlyiJT5TknqrKgLDVvC6pJNO0iq53NA=="
      },
      "System.IO.Ports": {
        "type": "Direct",
        "requested": "[10.0.7, )",
        "resolved": "10.0.7",
        "contentHash": "mqXbgdKeERkGaD7RLWPSEUjSaGUSswZOd6SEcbkB42FK+1JywtZ8RqBf1Q8n8hoXSo7jOuVujltrzXoWP1AXhQ==",
        "dependencies": {
          "runtime.native.System.IO.Ports": "10.0.7"
        }
      },
      "ZstdSharp.Port": {
        "type": "Direct",
        "requested": "[0.8.8, )",
        "resolved": "0.8.8",
        "contentHash": "UIDFkA5DC3en3tOJ3Mof11yBx9kUQLsaeo/oFdvN6Bbkr9E9+VCqfIadHci8cu+I51K2Sl7XYWVl2R/mA75NBQ=="
      },
      "runtime.android-arm.runtime.native.System.IO.Ports": {
        "type": "Transitive",
        "resolved": "10.0.7",
        "contentHash": "qu635VwrbDMft1Nh5XBfRG8G/ORCWbLbPpFh0gH4wW4ZtnXSm/7nPj8U0SuDHUskdNzXrmIVT362v4417p7fJw=="
      },
      "runtime.android-arm64.runtime.native.System.IO.Ports": {
        "type": "Transitive",
        "resolved": "10.0.7",
        "contentHash": "2g2pZfUrHaJgAUn3dYi/gOcrNToGYX9tIyQiepWGpiygnLNzOxno0l67oNyycE3oT/U5Z2sNo29WIV+7mV/HIA=="
      },
      "runtime.android-x64.runtime.native.System.IO.Ports": {
        "type": "Transitive",
        "resolved": "10.0.7",
        "contentHash": "2RoIwu08V2hugmny5z8PIgSqRHqqEnPWhCHI8Y5wRKl5tUVu3p2R4EdPgIspxhkQELg7S/wT6CPpAVFEjnb7kg=="
      },
      "runtime.android-x86.runtime.native.System.IO.Ports": {
        "type": "Transitive",
        "resolved": "10.0.7",
        "contentHash": "krUF9Ml0J4s9BMUTHB59/LIJKrZy8AjLbpvSobVrV4JJR+rnLEfY8dDL1z3ULXixURG2lb7BE7wtm1ezMNdVyQ=="
      },
      "runtime.linux-arm.runtime.native.System.IO.Ports": {
        "type": "Transitive",
        "resolved": "10.0.7",
        "contentHash": "MoRrRnoXAvWAHM2Zop4yoXuKn92e6Evw1yGTalTkeY50jURLkcjGLbgkItzSZROYiWk/ghUc4yJB8wQY/nLvbw=="
      },
      "runtime.linux-arm64.runtime.native.System.IO.Ports": {
        "type": "Transitive",
        "resolved": "10.0.7",
        "contentHash": "LjQl8EQsreX7rXLmI+SCvQ90PnkE+ITvnF4xuwVpBccwoc8HBfR6wOXPWMLZXDBu4IXUSpX4LTYE/hGVYwGUkA=="
      },
      "runtime.linux-bionic-arm64.runtime.native.System.IO.Ports": {
        "type": "Transitive",
        "resolved": "10.0.7",
        "contentHash": "13RA3Lpl8UVfJq/WuHGGdf4MOO06WK9Ynt0lcOO2+x2CuH+od1AdcJUArEmbJKYSX3lQ5pZTrnhE7GLMxgkaNg=="
      },
      "runtime.linux-bionic-x64.runtime.native.System.IO.Ports": {
        "type": "Transitive",
        "resolved": "10.0.7",
        "contentHash": "PJs1BSqMVLa5BxHfM9nm8PnYAjbeyqlBRwaTBZ+N+NjbC1aZkoZMyixGeg19S5pU0QGdE6mhlzGUoYCBfZU9vw=="
      },
      "runtime.linux-musl-arm.runtime.native.System.IO.Ports": {
        "type": "Transitive",
        "resolved": "10.0.7",
        "contentHash": "SSC+kUV5Kb86igzNskvK8IYvIfoevzyjHZi9HCnrmwUw3WIYfiW7bXIZI2iO2H5+tyvPdxP2H8rZAxNjy0bJew=="
      },
      "runtime.linux-musl-arm64.runtime.native.System.IO.Ports": {
        "type": "Transitive",
        "resolved": "10.0.7",
        "contentHash": "7DQM1OohuqhJ3TP3xYrTemmIkVo4xYW3X3n5mC2gxQEBKJ7U5PZ2YfRIi3w+JJr8oPa1baQXyv7eQvLD7qX1ug=="
      },
      "runtime.linux-musl-x64.runtime.native.System.IO.Ports": {
        "type": "Transitive",
        "resolved": "10.0.7",
        "contentHash": "HINq03clvZEXePZRLYxxUUixkJxXvOrIV7jtqz3knZNMoJmoCJ+E80mHNx9bCmAO82eI2IZFhXYRF1XtXW6bCg=="
      },
      "runtime.linux-x64.runtime.native.System.IO.Ports": {
        "type": "Transitive",
        "resolved": "10.0.7",
        "contentHash": "D1dUjEyrI7+ibDWyAkewyTwJDt0CxJPPBntsUsZNBt+UjZb/F6j0tP8z7j3o8u2xWifsc+mqaeE+u5qpEw547g=="
      },
      "runtime.maccatalyst-arm64.runtime.native.System.IO.Ports": {
        "type": "Transitive",
        "resolved": "10.0.7",
        "contentHash": "V0ET+gD7Wn2GQTH6D1bN+D5O+NqBSGn31RJJrzTZoMMVePV3xEh6jDtPrHAlziGbTByb9bR9RRCQzlRveK9qtQ=="
      },
      "runtime.maccatalyst-x64.runtime.native.System.IO.Ports": {
        "type": "Transitive",
        "resolved": "10.0.7",
        "contentHash": "Ogh87DH90b1A7PzKJ2w4l3NWCsAjT8PfIlk5txfP6asbDaxW/UUlXEQiQ+zX4zhZUNEeFwpP/wmZkUY7rSOKSg=="
      },
      "runtime.native.System.IO.Ports": {
        "type": "Transitive",
        "resolved": "10.0.7",
        "contentHash": "vHCfj41fJ6DWVWKYixZVjL7OIGruHjmE6pCAunPFsg29t5yaLGxFw+M/c9KyeyoRYOLK2TKZOC2viNT0lEqJsA==",
        "dependencies": {
          "runtime.android-arm.runtime.native.System.IO.Ports": "10.0.7",
          "runtime.android-arm64.runtime.native.System.IO.Ports": "10.0.7",
          "runtime.android-x64.runtime.native.System.IO.Ports": "10.0.7",
          "runtime.android-x86.runtime.native.System.IO.Ports": "10.0.7",
          "runtime.linux-arm.runtime.native.System.IO.Ports": "10.0.7",
          "runtime.linux-arm64.runtime.native.System.IO.Ports": "10.0.7",
          "runtime.linux-bionic-arm64.runtime.native.System.IO.Ports": "10.0.7",
          "runtime.linux-bionic-x64.runtime.native.System.IO.Ports": "10.0.7",
          "runtime.linux-musl-arm.runtime.native.System.IO.Ports": "10.0.7",
          "runtime.linux-musl-arm64.runtime.native.System.IO.Ports": "10.0.7",
          "runtime.linux-musl-x64.runtime.native.System.IO.Ports": "10.0.7",
          "runtime.linux-x64.runtime.native.System.IO.Ports": "10.0.7",
          "runtime.maccatalyst-arm64.runtime.native.System.IO.Ports": "10.0.7",
          "runtime.maccatalyst-x64.runtime.native.System.IO.Ports": "10.0.7",
          "runtime.osx-arm64.runtime.native.System.IO.Ports": "10.0.7",
          "runtime.osx-x64.runtime.native.System.IO.Ports": "10.0.7"
        }
      },
      "runtime.osx-arm64.runtime.native.System.IO.Ports": {
        "type": "Transitive",
        "resolved": "10.0.7",
        "contentHash": "yO7x/w+hQCUnUQtnsQaBrUxItGdI5b2yAntPg4jlQor4/P3qbd05Csgn/uBYjATO8RrBig5JVnnnFYPMutEAiA=="
      },
      "runtime.osx-x64.runtime.native.System.IO.Ports": {
        "type": "Transitive",
        "resolved": "10.0.7",
        "contentHash": "z/hesOtm9pP0e0uC7lxJedhySWsHmaIB7ZK9lDEux/GtikSF6W1B5dYzPFj6imFK5MyON7g9z206tv8yAJDq0Q=="
      }
    },
    "net10.0/win-x64": {
      "System.IO.Ports": {
        "type": "Direct",
        "requested": "[10.0.7, )",
        "resolved": "10.0.7",
        "contentHash": "mqXbgdKeERkGaD7RLWPSEUjSaGUSswZOd6SEcbkB42FK+1JywtZ8RqBf1Q8n8hoXSo7jOuVujltrzXoWP1AXhQ==",
        "dependencies": {
          "runtime.native.System.IO.Ports": "10.0.7"
        }
      },
      "runtime.android-arm.runtime.native.System.IO.Ports": {
        "type": "Transitive",
        "resolved": "10.0.7",
        "contentHash": "qu635VwrbDMft1Nh5XBfRG8G/ORCWbLbPpFh0gH4wW4ZtnXSm/7nPj8U0SuDHUskdNzXrmIVT362v4417p7fJw=="
      },
      "runtime.android-arm64.runtime.native.System.IO.Ports": {
        "type": "Transitive",
        "resolved": "10.0.7",
        "contentHash": "2g2pZfUrHaJgAUn3dYi/gOcrNToGYX9tIyQiepWGpiygnLNzOxno0l67oNyycE3oT/U5Z2sNo29WIV+7mV/HIA=="
      },
      "runtime.android-x64.runtime.native.System.IO.Ports": {
        "type": "Transitive",
        "resolved": "10.0.7",
        "contentHash": "2RoIwu08V2hugmny5z8PIgSqRHqqEnPWhCHI8Y5wRKl5tUVu3p2R4EdPgIspxhkQELg7S/wT6CPpAVFEjnb7kg=="
      },
      "runtime.android-x86.runtime.native.System.IO.Ports": {
        "type": "Transitive",
        "resolved": "10.0.7",
        "contentHash": "krUF9Ml0J4s9BMUTHB59/LIJKrZy8AjLbpvSobVrV4JJR+rnLEfY8dDL1z3ULXixURG2lb7BE7wtm1ezMNdVyQ=="
      },
      "runtime.linux-arm.runtime.native.System.IO.Ports": {
        "type": "Transitive",
        "resolved": "10.0.7",
        "contentHash": "MoRrRnoXAvWAHM2Zop4yoXuKn92e6Evw1yGTalTkeY50jURLkcjGLbgkItzSZROYiWk/ghUc4yJB8wQY/nLvbw=="
      },
      "runtime.linux-arm64.runtime.native.System.IO.Ports": {
        "type": "Transitive",
        "resolved": "10.0.7",
        "contentHash": "LjQl8EQsreX7rXLmI+SCvQ90PnkE+ITvnF4xuwVpBccwoc8HBfR6wOXPWMLZXDBu4IXUSpX4LTYE/hGVYwGUkA=="
      },
      "runtime.linux-bionic-arm64.runtime.native.System.IO.Ports": {
        "type": "Transitive",
        "resolved": "10.0.7",
        "contentHash": "13RA3Lpl8UVfJq/WuHGGdf4MOO06WK9Ynt0lcOO2+x2CuH+od1AdcJUArEmbJKYSX3lQ5pZTrnhE7GLMxgkaNg=="
      },
      "runtime.linux-bionic-x64.runtime.native.System.IO.Ports": {
        "type": "Transitive",
        "resolved": "10.0.7",
        "contentHash": "PJs1BSqMVLa5BxHfM9nm8PnYAjbeyqlBRwaTBZ+N+NjbC1aZkoZMyixGeg19S5pU0QGdE6mhlzGUoYCBfZU9vw=="
      },
      "runtime.linux-musl-arm.runtime.native.System.IO.Ports": {
        "type": "Transitive",
        "resolved": "10.0.7",
        "contentHash": "SSC+kUV5Kb86igzNskvK8IYvIfoevzyjHZi9HCnrmwUw3WIYfiW7bXIZI2iO2H5+tyvPdxP2H8rZAxNjy0bJew=="
      },
      "runtime.linux-musl-arm64.runtime.native.System.IO.Ports": {
        "type": "Transitive",
        "resolved": "10.0.7",
        "contentHash": "7DQM1OohuqhJ3TP3xYrTemmIkVo4xYW3X3n5mC2gxQEBKJ7U5PZ2YfRIi3w+JJr8oPa1baQXyv7eQvLD7qX1ug=="
      },
      "runtime.linux-musl-x64.runtime.native.System.IO.Ports": {
        "type": "Transitive",
        "resolved": "10.0.7",
        "contentHash": "HINq03clvZEXePZRLYxxUUixkJxXvOrIV7jtqz3knZNMoJmoCJ+E80mHNx9bCmAO82eI2IZFhXYRF1XtXW6bCg=="
      },
      "runtime.linux-x64.runtime.native.System.IO.Ports": {
        "type": "Transitive",
        "resolved": "10.0.7",
        "contentHash": "D1dUjEyrI7+ibDWyAkewyTwJDt0CxJPPBntsUsZNBt+UjZb/F6j0tP8z7j3o8u2xWifsc+mqaeE+u5qpEw547g=="
      },
      "runtime.maccatalyst-arm64.runtime.native.System.IO.Ports": {
        "type": "Transitive",
        "resolved": "10.0.7",
        "contentHash": "V0ET+gD7Wn2GQTH6D1bN+D5O+NqBSGn31RJJrzTZoMMVePV3xEh6jDtPrHAlziGbTByb9bR9RRCQzlRveK9qtQ=="
      },
      "runtime.maccatalyst-x64.runtime.native.System.IO.Ports": {
        "type": "Transitive",
        "resolved": "10.0.7",
        "contentHash": "Ogh87DH90b1A7PzKJ2w4l3NWCsAjT8PfIlk5txfP6asbDaxW/UUlXEQiQ+zX4zhZUNEeFwpP/wmZkUY7rSOKSg=="
      },
      "runtime.osx-arm64.runtime.native.System.IO.Ports": {
        "type": "Transitive",
        "resolved": "10.0.7",
        "contentHash": "yO7x/w+hQCUnUQtnsQaBrUxItGdI5b2yAntPg4jlQor4/P3qbd05Csgn/uBYjATO8RrBig5JVnnnFYPMutEAiA=="
      },
      "runtime.osx-x64.runtime.native.System.IO.Ports": {
        "type": "Transitive",
        "resolved": "10.0.7",
        "contentHash": "z/hesOtm9pP0e0uC7lxJedhySWsHmaIB7ZK9lDEux/GtikSF6W1B5dYzPFj6imFK5MyON7g9z206tv8yAJDq0Q=="
      }
    }
  }
}